<Project xmlns="http://schemas.microsoft.com/developer/msbuild/2003">
    <PropertyGroup>
        <ProjectGuid>{BF53DEE5-1FEC-41E9-A30A-754A64CEDAE7}</ProjectGuid>
        <MainSource>ThsERP.dpr</MainSource>
        <Base>True</Base>
        <Config Condition="'$(Config)'==''">Debug</Config>
        <TargetedPlatforms>1153</TargetedPlatforms>
        <AppType>Application</AppType>
        <FrameworkType>VCL</FrameworkType>
        <ProjectVersion>19.2</ProjectVersion>
        <Platform Condition="'$(Platform)'==''">Win32</Platform>
    </PropertyGroup>
    <PropertyGroup Condition="'$(Config)'=='Base' or '$(Base)'!=''">
        <Base>true</Base>
    </PropertyGroup>
    <PropertyGroup Condition="('$(Platform)'=='iOSDevice64' and '$(Base)'=='true') or '$(Base_iOSDevice64)'!=''">
        <Base_iOSDevice64>true</Base_iOSDevice64>
        <CfgParent>Base</CfgParent>
        <Base>true</Base>
    </PropertyGroup>
    <PropertyGroup Condition="('$(Platform)'=='Win32' and '$(Base)'=='true') or '$(Base_Win32)'!=''">
        <Base_Win32>true</Base_Win32>
        <CfgParent>Base</CfgParent>
        <Base>true</Base>
    </PropertyGroup>
    <PropertyGroup Condition="('$(Platform)'=='Win64' and '$(Base)'=='true') or '$(Base_Win64)'!=''">
        <Base_Win64>true</Base_Win64>
        <CfgParent>Base</CfgParent>
        <Base>true</Base>
    </PropertyGroup>
    <PropertyGroup Condition="'$(Config)'=='Release' or '$(Cfg_1)'!=''">
        <Cfg_1>true</Cfg_1>
        <CfgParent>Base</CfgParent>
        <Base>true</Base>
    </PropertyGroup>
    <PropertyGroup Condition="('$(Platform)'=='iOSDevice64' and '$(Cfg_1)'=='true') or '$(Cfg_1_iOSDevice64)'!=''">
        <Cfg_1_iOSDevice64>true</Cfg_1_iOSDevice64>
        <CfgParent>Cfg_1</CfgParent>
        <Cfg_1>true</Cfg_1>
        <Base>true</Base>
    </PropertyGroup>
    <PropertyGroup Condition="('$(Platform)'=='Win32' and '$(Cfg_1)'=='true') or '$(Cfg_1_Win32)'!=''">
        <Cfg_1_Win32>true</Cfg_1_Win32>
        <CfgParent>Cfg_1</CfgParent>
        <Cfg_1>true</Cfg_1>
        <Base>true</Base>
    </PropertyGroup>
    <PropertyGroup Condition="'$(Config)'=='Debug' or '$(Cfg_2)'!=''">
        <Cfg_2>true</Cfg_2>
        <CfgParent>Base</CfgParent>
        <Base>true</Base>
    </PropertyGroup>
    <PropertyGroup Condition="('$(Platform)'=='iOSDevice64' and '$(Cfg_2)'=='true') or '$(Cfg_2_iOSDevice64)'!=''">
        <Cfg_2_iOSDevice64>true</Cfg_2_iOSDevice64>
        <CfgParent>Cfg_2</CfgParent>
        <Cfg_2>true</Cfg_2>
        <Base>true</Base>
    </PropertyGroup>
    <PropertyGroup Condition="('$(Platform)'=='Win32' and '$(Cfg_2)'=='true') or '$(Cfg_2_Win32)'!=''">
        <Cfg_2_Win32>true</Cfg_2_Win32>
        <CfgParent>Cfg_2</CfgParent>
        <Cfg_2>true</Cfg_2>
        <Base>true</Base>
    </PropertyGroup>
    <PropertyGroup Condition="'$(Base)'!=''">
        <DCC_E>false</DCC_E>
        <DCC_F>false</DCC_F>
        <DCC_K>false</DCC_K>
        <DCC_N>false</DCC_N>
        <DCC_S>false</DCC_S>
        <DCC_ImageBase>00400000</DCC_ImageBase>
        <SanitizedProjectName>ThsERP</SanitizedProjectName>
        <DCC_Namespace>Vcl;Vcl.Imaging;Vcl.Touch;Vcl.Samples;Vcl.Shell;System;Xml;Data;Datasnap;Web;Soap;Winapi;$(DCC_Namespace)</DCC_Namespace>
        <VerInfo_Locale>1055</VerInfo_Locale>
        <VerInfo_Keys>CompanyName=;FileDescription=;FileVersion=1.0.0.0;InternalName=;LegalCopyright=;LegalTrademarks=;OriginalFilename=;ProductName=;ProductVersion=1.0.0.0;Comments=;CFBundleName=</VerInfo_Keys>
        <Custom_Styles>Amakrits|VCLSTYLE|$(BDSCOMMONDIR)\Styles\Amakrits.vsf;&quot;Amethyst Kamri|VCLSTYLE|$(BDSCOMMONDIR)\Styles\AmethystKamri.vsf&quot;;&quot;Aqua Light Slate|VCLSTYLE|$(BDSCOMMONDIR)\Styles\AquaLightSlate.vsf&quot;;Auric|VCLSTYLE|$(BDSCOMMONDIR)\Styles\Auric.vsf;Carbon|VCLSTYLE|$(BDSCOMMONDIR)\Styles\Carbon.vsf;&quot;Charcoal Dark Slate|VCLSTYLE|$(BDSCOMMONDIR)\Styles\CharcoalDarkSlate.vsf&quot;;&quot;Cobalt XEMedia|VCLSTYLE|$(BDSCOMMONDIR)\Styles\CobaltXEMedia.vsf&quot;;&quot;Cyan Dusk|VCLSTYLE|$(BDSCOMMONDIR)\Styles\CyanDusk.vsf&quot;;&quot;Cyan Night|VCLSTYLE|$(BDSCOMMONDIR)\Styles\CyanNight.vsf&quot;;&quot;Emerald Light Slate|VCLSTYLE|$(BDSCOMMONDIR)\Styles\EmeraldLightSlate.vsf&quot;;Glossy|VCLSTYLE|$(BDSCOMMONDIR)\Styles\Glossy.vsf;Glow|VCLSTYLE|$(BDSCOMMONDIR)\Styles\Glow.vsf;&quot;Golden Graphite|VCLSTYLE|$(BDSCOMMONDIR)\Styles\GoldenGraphite.vsf&quot;;&quot;Iceberg Classico|VCLSTYLE|$(BDSCOMMONDIR)\Styles\IcebergClassico.vsf&quot;;&quot;Lavender Classico|VCLSTYLE|$(BDSCOMMONDIR)\Styles\LavenderClassico.vsf&quot;;Light|VCLSTYLE|$(BDSCOMMONDIR)\Styles\Light.vsf;Luna|VCLSTYLE|$(BDSCOMMONDIR)\Styles\Luna.vsf;&quot;Metropolis UI Black|VCLSTYLE|$(BDSCOMMONDIR)\Styles\MetropolisUIBlack.vsf&quot;;&quot;Metropolis UI Blue|VCLSTYLE|$(BDSCOMMONDIR)\Styles\MetropolisUIBlue.vsf&quot;;&quot;Metropolis UI Dark|VCLSTYLE|$(BDSCOMMONDIR)\Styles\MetropolisUIDark.vsf&quot;;&quot;Metropolis UI Green|VCLSTYLE|$(BDSCOMMONDIR)\Styles\MetropolisUIGreen.vsf&quot;;Obsidian|VCLSTYLE|$(BDSCOMMONDIR)\Styles\Obsidian.vsf;&quot;Onyx Blue|VCLSTYLE|$(BDSCOMMONDIR)\Styles\OnyxBlue.vsf&quot;;&quot;Ruby Graphite|VCLSTYLE|$(BDSCOMMONDIR)\Styles\RubyGraphite.vsf&quot;;&quot;Sapphire Kamri|VCLSTYLE|$(BDSCOMMONDIR)\Styles\SapphireKamri.vsf&quot;;Silver|VCLSTYLE|$(BDSCOMMONDIR)\Styles\Silver.vsf;Sky|VCLSTYLE|$(BDSCOMMONDIR)\Styles\Sky.vsf;&quot;Slate Classico|VCLSTYLE|$(BDSCOMMONDIR)\Styles\SlateClassico.vsf&quot;;&quot;Smokey Quartz Kamri|VCLSTYLE|$(BDSCOMMONDIR)\Styles\SmokeyQuartzKamri.vsf&quot;;&quot;Tablet Light|VCLSTYLE|$(BDSCOMMONDIR)\Styles\TabletLight.vsf&quot;;TabletDark|VCLSTYLE|$(BDSCOMMONDIR)\Styles\TabletDark.vsf;&quot;Turquoise Gray|VCLSTYLE|$(BDSCOMMONDIR)\Styles\TurquoiseGray.vsf&quot;;Windows10|VCLSTYLE|$(BDSCOMMONDIR)\Styles\Windows10.vsf;&quot;Windows10 Blue|VCLSTYLE|$(BDSCOMMONDIR)\Styles\Windows10Blue.vsf&quot;;&quot;Windows10 Dark|VCLSTYLE|$(BDSCOMMONDIR)\Styles\Windows10Dark.vsf&quot;;&quot;Windows10 Green|VCLSTYLE|$(BDSCOMMONDIR)\Styles\Windows10Green.vsf&quot;;&quot;Windows10 Purple|VCLSTYLE|$(BDSCOMMONDIR)\Styles\Windows10Purple.vsf&quot;;&quot;Windows10 SlateGray|VCLSTYLE|$(BDSCOMMONDIR)\Styles\Windows10SlateGray.vsf&quot;</Custom_Styles>
    </PropertyGroup>
    <PropertyGroup Condition="'$(Base_iOSDevice64)'!=''">
        <iOS_AppStore1024>$(BDS)\bin\Artwork\iOS\iPhone\FM_ApplicationIcon_1024x1024.png</iOS_AppStore1024>
    </PropertyGroup>
    <PropertyGroup Condition="'$(Base_Win32)'!=''">
        <DCC_Namespace>System.Win;Data.Win;Datasnap.Win;Web.Win;Soap.Win;Xml.Win;Bde;$(DCC_Namespace)</DCC_Namespace>
        <BT_BuildType>Debug</BT_BuildType>
        <VerInfo_IncludeVerInfo>true</VerInfo_IncludeVerInfo>
        <VerInfo_Keys>CompanyName=;FileDescription=$(MSBuildProjectName);FileVersion=1.0.0.0;InternalName=;LegalCopyright=;LegalTrademarks=;OriginalFilename=;ProductName=$(MSBuildProjectName);ProductVersion=1.0.0.0;Comments=;ProgramID=com.embarcadero.$(MSBuildProjectName)</VerInfo_Keys>
        <VerInfo_Locale>1033</VerInfo_Locale>
        <Manifest_File>$(BDS)\bin\default_app.manifest</Manifest_File>
        <AppEnableRuntimeThemes>true</AppEnableRuntimeThemes>
        <UWP_DelphiLogo44>$(BDS)\bin\Artwork\Windows\UWP\delphi_UwpDefault_44.png</UWP_DelphiLogo44>
        <UWP_DelphiLogo150>$(BDS)\bin\Artwork\Windows\UWP\delphi_UwpDefault_150.png</UWP_DelphiLogo150>
    </PropertyGroup>
    <PropertyGroup Condition="'$(Base_Win64)'!=''">
        <UWP_DelphiLogo44>$(BDS)\bin\Artwork\Windows\UWP\delphi_UwpDefault_44.png</UWP_DelphiLogo44>
        <UWP_DelphiLogo150>$(BDS)\bin\Artwork\Windows\UWP\delphi_UwpDefault_150.png</UWP_DelphiLogo150>
    </PropertyGroup>
    <PropertyGroup Condition="'$(Cfg_1)'!=''">
        <DCC_Define>RELEASE;$(DCC_Define)</DCC_Define>
        <DCC_DebugInformation>0</DCC_DebugInformation>
        <DCC_LocalDebugSymbols>false</DCC_LocalDebugSymbols>
        <DCC_SymbolReferenceInfo>0</DCC_SymbolReferenceInfo>
    </PropertyGroup>
    <PropertyGroup Condition="'$(Cfg_1_iOSDevice64)'!=''">
        <BT_BuildType>Debug</BT_BuildType>
    </PropertyGroup>
    <PropertyGroup Condition="'$(Cfg_1_Win32)'!=''">
        <AppEnableRuntimeThemes>true</AppEnableRuntimeThemes>
        <AppDPIAwarenessMode>unaware</AppDPIAwarenessMode>
        <VerInfo_Keys>CompanyName=;FileDescription=$(MSBuildProjectName);FileVersion=1.0.0.0;InternalName=;LegalCopyright=;LegalTrademarks=;OriginalFilename=;ProductName=$(MSBuildProjectName);ProductVersion=1.0.0.0;Comments=;ProgramID=com.embarcadero.$(MSBuildProjectName)</VerInfo_Keys>
        <VerInfo_IncludeVerInfo>true</VerInfo_IncludeVerInfo>
        <VerInfo_Locale>1033</VerInfo_Locale>
        <Icon_MainIcon>Resource\application.ico</Icon_MainIcon>
    </PropertyGroup>
    <PropertyGroup Condition="'$(Cfg_2)'!=''">
        <DCC_Define>DEBUG;$(DCC_Define)</DCC_Define>
        <DCC_Optimize>false</DCC_Optimize>
        <DCC_GenerateStackFrames>true</DCC_GenerateStackFrames>
    </PropertyGroup>
    <PropertyGroup Condition="'$(Cfg_2_iOSDevice64)'!=''">
        <BT_BuildType>Debug</BT_BuildType>
    </PropertyGroup>
    <PropertyGroup Condition="'$(Cfg_2_Win32)'!=''">
        <AppEnableRuntimeThemes>true</AppEnableRuntimeThemes>
        <AppDPIAwarenessMode>PerMonitorV2</AppDPIAwarenessMode>
        <VerInfo_Keys>CompanyName=;FileDescription=$(MSBuildProjectName);FileVersion=1.0.0.0;InternalName=;LegalCopyright=;LegalTrademarks=;OriginalFilename=;ProductName=$(MSBuildProjectName);ProductVersion=1.0.0.0;Comments=;ProgramID=com.embarcadero.$(MSBuildProjectName)</VerInfo_Keys>
        <VerInfo_IncludeVerInfo>true</VerInfo_IncludeVerInfo>
        <VerInfo_Locale>1033</VerInfo_Locale>
        <Icon_MainIcon>Resource\application.ico</Icon_MainIcon>
    </PropertyGroup>
    <ItemGroup>
        <DelphiCompile Include="$(MainSource)">
            <MainSource>MainSource</MainSource>
        </DelphiCompile>
        <DCCReference Include="BackEnd\Framework\udm.pas">
            <Form>dm</Form>
            <DesignClass>TDataModule</DesignClass>
        </DCCReference>
        <DCCReference Include="BackEnd\Tools\Ths.Erp.Helper.BaseTypes.pas"/>
        <DCCReference Include="BackEnd\Tools\Ths.Erp.Helper.Button.pas"/>
        <DCCReference Include="BackEnd\Tools\Ths.Erp.Helper.ComboBox.pas"/>
        <DCCReference Include="BackEnd\Tools\Ths.Erp.Helper.CustomFileDialog.pas"/>
        <DCCReference Include="BackEnd\Tools\Ths.Erp.Helper.Edit.pas"/>
        <DCCReference Include="BackEnd\Tools\Ths.Erp.Helper.Memo.pas"/>
        <DCCReference Include="BackEnd\Tools\Ths.Erp.Helper.SpinEdit.pas"/>
        <DCCReference Include="BackEnd\Tools\Ths.Erp.Helper.StringGrid.pas"/>
        <DCCReference Include="BackEnd\Tools\Ths.Erp.Utils.SevenZip.pas"/>
        <DCCReference Include="BackEnd\Tools\Ths.Erp.Utils.FluentXML.pas"/>
        <DCCReference Include="BackEnd\Tools\Ths.Erp.Utils.InfoWindow.pas"/>
        <DCCReference Include="BackEnd\Framework\Ths.Erp.Globals.pas"/>
        <DCCReference Include="BackEnd\Framework\Ths.Erp.Constants.pas"/>
        <DCCReference Include="BackEnd\Framework\Ths.Erp.Database.Connection.Settings.pas"/>
        <DCCReference Include="BackEnd\Framework\Ths.Erp.Database.pas"/>
        <DCCReference Include="BackEnd\Framework\Ths.Erp.Database.Singleton.pas"/>
        <DCCReference Include="BackEnd\Framework\Ths.Erp.Database.Table.pas"/>
        <DCCReference Include="BackEnd\Framework\Ths.Erp.Database.TableDetailed.pas"/>
        <DCCReference Include="BackEnd\Tools\NetGsm_SMS.pas"/>
        <DCCReference Include="Forms\ufrmAbout.pas">
            <Form>frmAbout</Form>
        </DCCReference>
        <DCCReference Include="Forms\ufrmBase.pas">
            <Form>frmBase</Form>
        </DCCReference>
        <DCCReference Include="Forms\ufrmBaseInput.pas">
            <Form>frmBaseInput</Form>
        </DCCReference>
        <DCCReference Include="Forms\ufrmConfirmation.pas">
            <Form>frmConfirmation</Form>
        </DCCReference>
        <DCCReference Include="Forms\DetailedInputForms\Factory\ufrmBaseDetaylar.pas">
            <Form>frmBaseDetaylar</Form>
        </DCCReference>
        <DCCReference Include="Forms\DetailedInputForms\Factory\ufrmBaseDetaylarDetay.pas">
            <Form>frmBaseDetaylarDetay</Form>
        </DCCReference>
        <DCCReference Include="Forms\InputForms\Factory\ufrmBaseInputDB.pas">
            <Form>frmBaseInputDB</Form>
        </DCCReference>
        <DCCReference Include="Forms\OutputForms\Factory\ufrmBaseOutput.pas">
            <Form>frmBaseOutput</Form>
        </DCCReference>
        <DCCReference Include="Forms\OutputForms\DbGrid\Factory\ufrmBaseDBGrid.pas">
            <Form>frmBaseDBGrid</Form>
        </DCCReference>
        <DCCReference Include="Forms\OutputForms\DbGrid\Factory\ufrmFilterDBGrid.pas">
            <Form>frmFilterDBGrid</Form>
        </DCCReference>
        <DCCReference Include="Forms\OutputForms\StrGrid\Factory\ufrmBaseStrGrid.pas">
            <Form>frmBaseStrGrid</Form>
        </DCCReference>
        <DCCReference Include="Forms\InputForms\Framework\ufrmLogin.pas">
            <Form>frmLogin</Form>
        </DCCReference>
        <DCCReference Include="Forms\InputForms\Framework\ufrmMain.pas">
            <Form>frmMain</Form>
        </DCCReference>
        <DCCReference Include="Forms\ufrmCalculator.pas">
            <Form>frmCalculator</Form>
        </DCCReference>
        <DCCReference Include="BackEnd\Framework\Ths.Erp.Database.Table.SysAdres.pas"/>
        <DCCReference Include="BackEnd\Framework\Ths.Erp.Database.Table.SysUygulamaAyari.pas"/>
        <DCCReference Include="Forms\InputForms\Framework\ufrmSysUygulamaAyari.pas">
            <Form>frmSysUygulamaAyari</Form>
        </DCCReference>
        <DCCReference Include="BackEnd\Framework\Ths.Erp.Database.Table.SysUygulamaAyariDiger.pas"/>
        <DCCReference Include="Forms\InputForms\Framework\ufrmSysUygulamaAyariDiger.pas">
            <Form>frmSysUygulamaAyariDiger</Form>
        </DCCReference>
        <DCCReference Include="BackEnd\Framework\Ths.Erp.Database.Table.SysMahalle.pas"/>
        <DCCReference Include="Forms\OutputForms\DbGrid\Framework\ufrmSysMahalleler.pas">
            <Form>frmSysMahalleler</Form>
        </DCCReference>
        <DCCReference Include="Forms\InputForms\Framework\ufrmSysMahalle.pas">
            <Form>frmSysMahalle</Form>
        </DCCReference>
        <DCCReference Include="BackEnd\Framework\Ths.Erp.Database.Table.SysSemt.pas"/>
        <DCCReference Include="Forms\OutputForms\DbGrid\Framework\ufrmSysSemtler.pas">
            <Form>frmSysSemtler</Form>
        </DCCReference>
        <DCCReference Include="Forms\InputForms\Framework\ufrmSysSemt.pas">
            <Form>frmSysSemt</Form>
        </DCCReference>
        <DCCReference Include="BackEnd\Framework\Ths.Erp.Database.Table.SysIlce.pas"/>
        <DCCReference Include="Forms\OutputForms\DbGrid\Framework\ufrmSysIlceler.pas">
            <Form>frmSysIlceler</Form>
        </DCCReference>
        <DCCReference Include="Forms\InputForms\Framework\ufrmSysIlce.pas">
            <Form>frmSysIlce</Form>
        </DCCReference>
        <DCCReference Include="BackEnd\Framework\Ths.Erp.Database.Table.SysSehir.pas"/>
        <DCCReference Include="Forms\OutputForms\DbGrid\Framework\ufrmSysSehirler.pas">
            <Form>frmSysSehirler</Form>
        </DCCReference>
        <DCCReference Include="Forms\InputForms\Framework\ufrmSysSehir.pas">
            <Form>frmSysSehir</Form>
        </DCCReference>
        <DCCReference Include="BackEnd\Framework\Ths.Erp.Database.Table.SysBolge.pas"/>
        <DCCReference Include="Forms\OutputForms\DbGrid\Framework\ufrmSysBolgeler.pas">
            <Form>frmSysBolgeler</Form>
        </DCCReference>
        <DCCReference Include="Forms\InputForms\Framework\ufrmSysBolge.pas">
            <Form>frmSysBolge</Form>
        </DCCReference>
        <DCCReference Include="BackEnd\Framework\Ths.Erp.Database.Table.SysUlke.pas"/>
        <DCCReference Include="Forms\OutputForms\DbGrid\Framework\ufrmSysUlkeler.pas">
            <Form>frmSysUlkeler</Form>
        </DCCReference>
        <DCCReference Include="Forms\InputForms\Framework\ufrmSysUlke.pas">
            <Form>frmSysUlke</Form>
        </DCCReference>
        <DCCReference Include="BackEnd\Framework\Ths.Erp.Database.Table.SysGun.pas"/>
        <DCCReference Include="Forms\OutputForms\DbGrid\Framework\ufrmSysGunler.pas">
            <Form>frmSysGunler</Form>
        </DCCReference>
        <DCCReference Include="Forms\InputForms\Framework\ufrmSysGun.pas">
            <Form>frmSysGun</Form>
        </DCCReference>
        <DCCReference Include="BackEnd\Framework\Ths.Erp.Database.Table.SysOndalikHane.pas"/>
        <DCCReference Include="BackEnd\Framework\Ths.Erp.Database.Table.SysGridKolon.pas"/>
        <DCCReference Include="Forms\OutputForms\DbGrid\Framework\ufrmSysGridKolonlar.pas">
            <Form>frmSysGridKolonlar</Form>
        </DCCReference>
        <DCCReference Include="Forms\InputForms\Framework\ufrmSysGridKolon.pas">
            <Form>frmSysGridKolon</Form>
        </DCCReference>
        <DCCReference Include="BackEnd\Framework\Ths.Erp.Database.Table.SysGridFiltreSiralama.pas"/>
        <DCCReference Include="Forms\OutputForms\DbGrid\Framework\ufrmSysGridFiltreSiralamalar.pas">
            <Form>frmSysGridFiltreSiralamalar</Form>
        </DCCReference>
        <DCCReference Include="Forms\InputForms\Framework\ufrmSysGridFiltreSiralama.pas">
            <Form>frmSysGridFiltreSiralama</Form>
        </DCCReference>
        <DCCReference Include="BackEnd\Framework\Ths.Erp.Database.Table.SysLisan.pas"/>
        <DCCReference Include="Forms\OutputForms\DbGrid\Framework\ufrmSysLisanlar.pas">
            <Form>frmSysLisanlar</Form>
        </DCCReference>
        <DCCReference Include="Forms\InputForms\Framework\ufrmSysLisan.pas">
            <Form>frmSysLisan</Form>
        </DCCReference>
        <DCCReference Include="BackEnd\Framework\Ths.Erp.Database.Table.SysLisanDataIcerik.pas"/>
        <DCCReference Include="Forms\OutputForms\DbGrid\Framework\ufrmSysLisanDataIcerikler.pas">
            <Form>frmSysLisanDataIcerikler</Form>
        </DCCReference>
        <DCCReference Include="Forms\InputForms\Framework\ufrmSysLisanDataIcerik.pas">
            <Form>frmSysLangDataContent</Form>
        </DCCReference>
        <DCCReference Include="BackEnd\Framework\Ths.Erp.Database.Table.SysLisanGuiIcerik.pas"/>
        <DCCReference Include="Forms\OutputForms\DbGrid\Framework\ufrmSysLisanGuiIcerikler.pas">
            <Form>frmSysLisanGuiIcerikler</Form>
        </DCCReference>
        <DCCReference Include="Forms\InputForms\Framework\ufrmSysLisanGuiIcerik.pas">
            <Form>frmSysLisanGuiIcerik</Form>
        </DCCReference>
        <DCCReference Include="BackEnd\Framework\Ths.Erp.Database.Table.SysAy.pas"/>
        <DCCReference Include="Forms\OutputForms\DbGrid\Framework\ufrmSysAylar.pas">
            <Form>frmSysAylar</Form>
        </DCCReference>
        <DCCReference Include="Forms\InputForms\Framework\ufrmSysAy.pas">
            <Form>frmSysAy</Form>
        </DCCReference>
        <DCCReference Include="BackEnd\Framework\Ths.Erp.Database.Table.SysKaynak.pas"/>
        <DCCReference Include="Forms\OutputForms\DbGrid\Framework\ufrmSysKaynaklar.pas">
            <Form>frmSysKaynaklar</Form>
        </DCCReference>
        <DCCReference Include="Forms\InputForms\Framework\ufrmSysKaynak.pas">
            <Form>frmSysKaynak</Form>
        </DCCReference>
        <DCCReference Include="BackEnd\Framework\Ths.Erp.Database.Table.SysKaynakGrup.pas"/>
        <DCCReference Include="Forms\OutputForms\DbGrid\Framework\ufrmSysKaynakGruplari.pas">
            <Form>frmSysKaynakGruplari</Form>
        </DCCReference>
        <DCCReference Include="Forms\InputForms\Framework\ufrmSysKaynakGrubu.pas">
            <Form>frmSysKaynakGrubu</Form>
        </DCCReference>
        <DCCReference Include="BackEnd\Framework\Ths.Erp.Database.Table.SysKaliteFormNo.pas"/>
        <DCCReference Include="Forms\OutputForms\DbGrid\Framework\ufrmSysKaliteFormNolar.pas">
            <Form>frmSysKaliteFormNolar</Form>
        </DCCReference>
        <DCCReference Include="Forms\InputForms\Framework\ufrmSysKaliteFormNo.pas">
            <Form>frmSysKaliteFormNo</Form>
        </DCCReference>
        <DCCReference Include="BackEnd\Framework\Ths.Erp.Database.Table.SysKaliteFormTipi.pas"/>
        <DCCReference Include="Forms\OutputForms\DbGrid\Framework\ufrmSysKaliteFormTipleri.pas">
            <Form>frmSysKaliteFormTipleri</Form>
        </DCCReference>
        <DCCReference Include="Forms\InputForms\Framework\ufrmSysKaliteFormTipi.pas">
            <Form>frmSysKaliteFormTipi</Form>
        </DCCReference>
        <DCCReference Include="BackEnd\Framework\Ths.Erp.Database.Table.SysMukellefTipi.pas"/>
        <DCCReference Include="Forms\OutputForms\DbGrid\Framework\ufrmSysMukellefTipleri.pas">
            <Form>frmSysMukellefTipleri</Form>
        </DCCReference>
        <DCCReference Include="Forms\InputForms\Framework\ufrmSysMukellefTipi.pas">
            <Form>frmSysMukellefTipi</Form>
        </DCCReference>
        <DCCReference Include="BackEnd\Framework\Ths.Erp.Database.Table.SysParaBirimi.pas"/>
        <DCCReference Include="Forms\OutputForms\DbGrid\Framework\ufrmSysParaBirimleri.pas">
            <Form>frmSysParaBirimleri</Form>
        </DCCReference>
        <DCCReference Include="Forms\InputForms\Framework\ufrmSysParaBirimi.pas">
            <Form>frmSysParaBirimi</Form>
        </DCCReference>
        <DCCReference Include="BackEnd\Framework\Ths.Erp.Database.Table.SysOlcuBirimiTipi.pas"/>
        <DCCReference Include="Forms\OutputForms\DbGrid\Framework\ufrmSysOlcuBirimiTipleri.pas">
            <Form>frmSysOlcuBirimiTipleri</Form>
        </DCCReference>
        <DCCReference Include="Forms\InputForms\Framework\ufrmSysOlcuBirimiTipi.pas">
            <Form>frmSysOlcuBirimiTipi</Form>
        </DCCReference>
        <DCCReference Include="BackEnd\Framework\Ths.Erp.Database.Table.SysOlcuBirimi.pas"/>
        <DCCReference Include="Forms\OutputForms\DbGrid\Framework\ufrmSysOlcuBirimleri.pas">
            <Form>frmSysOlcuBirimleri</Form>
        </DCCReference>
        <DCCReference Include="Forms\InputForms\Framework\ufrmSysOlcuBirimi.pas">
            <Form>frmSysOlcuBirimi</Form>
        </DCCReference>
        <DCCReference Include="BackEnd\Framework\Ths.Erp.Database.Table.SysKullanici.pas"/>
        <DCCReference Include="Forms\OutputForms\DbGrid\Framework\ufrmSysKullanicilar.pas">
            <Form>frmSysKullanicilar</Form>
        </DCCReference>
        <DCCReference Include="Forms\InputForms\Framework\ufrmSysKullanici.pas">
            <Form>frmSysKullanici</Form>
        </DCCReference>
        <DCCReference Include="BackEnd\Framework\Ths.Erp.Database.Table.SysErisimHakki.pas"/>
        <DCCReference Include="Forms\OutputForms\DbGrid\Framework\ufrmSysErisimHaklari.pas">
            <Form>frmSysUserAccessRights</Form>
        </DCCReference>
        <DCCReference Include="Forms\InputForms\Framework\ufrmSysErisimHakki.pas">
            <Form>frmSysUserAccessRight</Form>
        </DCCReference>
        <DCCReference Include="BackEnd\Framework\Ths.Erp.Database.Table.View.pas"/>
        <DCCReference Include="BackEnd\Framework\Ths.Erp.Database.Table.View.SysViewColumns.pas"/>
        <DCCReference Include="BackEnd\Framework\Ths.Erp.Database.Table.View.SysDbStatus.pas"/>
        <DCCReference Include="BackEnd\Framework\Ths.Erp.Database.Table.View.SysViewTables.pas"/>
        <DCCReference Include="Forms\OutputForms\DbGrid\Framework\ufrmSysTables.pas">
            <Form>frmSysTables</Form>
        </DCCReference>
        <DCCReference Include="Forms\InputForms\Framework\ufrmSysSifreGuncelle.pas">
            <Form>frmSysSifreGuncelle</Form>
        </DCCReference>
        <DCCReference Include="Forms\OutputForms\DbGrid\Framework\ufrmSysDbStatus.pas">
            <Form>frmSysDbStatus</Form>
        </DCCReference>
        <DCCReference Include="BackEnd\Erp\Einv\Ths.Erp.Database.Table.SetEinvFaturaTipi.pas"/>
        <DCCReference Include="Forms\OutputForms\DbGrid\Erp\Einv\ufrmSetEinvFaturaTipleri.pas">
            <Form>frmSetEinvFaturaTipleri</Form>
        </DCCReference>
        <DCCReference Include="Forms\InputForms\Erp\Einv\ufrmSetEinvFaturaTipi.pas">
            <Form>frmSetEinvFaturaTipi</Form>
        </DCCReference>
        <DCCReference Include="BackEnd\Erp\Einv\Ths.Erp.Database.Table.SetEinvIstisnaKodu.pas"/>
        <DCCReference Include="Forms\OutputForms\DbGrid\Erp\Einv\ufrmSetEinvIstisnaKodlari.pas">
            <Form>frmSetEinvIstisnaKodlari</Form>
        </DCCReference>
        <DCCReference Include="Forms\InputForms\Erp\Einv\ufrmSetEinvIstisnaKodu.pas">
            <Form>frmSetEinvIstisnaKodu</Form>
        </DCCReference>
        <DCCReference Include="BackEnd\Erp\Einv\Ths.Erp.Database.Table.SetEinvTasimaUcreti.pas"/>
        <DCCReference Include="Forms\OutputForms\DbGrid\Erp\Einv\ufrmSetEinvTasimaUcretleri.pas">
            <Form>frmSetEinvNakliyeUcretleri</Form>
        </DCCReference>
        <DCCReference Include="Forms\InputForms\Erp\Einv\ufrmSetEinvTasimaUcreti.pas">
            <Form>frmSetEinvTasimaUcreti</Form>
        </DCCReference>
        <DCCReference Include="BackEnd\Erp\Einv\Ths.Erp.Database.Table.SetEinvTeslimSekli.pas"/>
        <DCCReference Include="Forms\OutputForms\DbGrid\Erp\Einv\ufrmSetEinvTeslimSekilleri.pas">
            <Form>frmSetEinvTeslimSekilleri</Form>
        </DCCReference>
        <DCCReference Include="Forms\InputForms\Erp\Einv\ufrmSetEinvTeslimSekli.pas">
            <Form>frmSetEinvTeslimSekli</Form>
        </DCCReference>
        <DCCReference Include="BackEnd\Erp\Einv\Ths.Erp.Database.Table.SetEinvOdemeSekli.pas"/>
        <DCCReference Include="Forms\OutputForms\DbGrid\Erp\Einv\ufrmSetEinvOdemeSekilleri.pas">
            <Form>frmSetEinvOdemeSekilleri</Form>
        </DCCReference>
        <DCCReference Include="Forms\InputForms\Erp\Einv\ufrmSetEinvOdemeSekli.pas">
            <Form>frmSetEinvOdemeSekli</Form>
        </DCCReference>
        <DCCReference Include="BackEnd\Erp\Einv\Ths.Erp.Database.Table.SetEinvPaketTipi.pas"/>
        <DCCReference Include="Forms\OutputForms\DbGrid\Erp\Einv\ufrmSetEinvPaketTipleri.pas">
            <Form>frmSetEinvPaketTipleri</Form>
        </DCCReference>
        <DCCReference Include="Forms\InputForms\Erp\Einv\ufrmSetEinvPaketTipi.pas">
            <Form>frmSetEinvPaketTipi</Form>
        </DCCReference>
        <DCCReference Include="BackEnd\Erp\Mhs\Ths.Erp.Database.Table.MhsDovizKuru.pas"/>
        <DCCReference Include="Forms\OutputForms\DbGrid\Erp\Mhs\ufrmMhsDovizKurlari.pas">
            <Form>frmMhsDovizKurlari</Form>
        </DCCReference>
        <DCCReference Include="Forms\InputForms\Erp\Mhs\ufrmMhsDovizKuru.pas">
            <Form>frmMhsDovizKuru</Form>
        </DCCReference>
        <DCCReference Include="BackEnd\Erp\Urt\Ths.Erp.Database.Table.RctIscilikGideri.pas"/>
        <DCCReference Include="Forms\OutputForms\DbGrid\Erp\Urt\ufrmRctIscilikGiderleri.pas">
            <Form>frmRctIscilikGiderleri</Form>
        </DCCReference>
        <DCCReference Include="Forms\InputForms\Erp\Urt\ufrmRctIscilikGideri.pas">
            <Form>frmRctIscilikGideri</Form>
        </DCCReference>
        <DCCReference Include="BackEnd\Erp\Urt\Ths.Erp.Database.Table.SetRctIscilikGiderTipi.pas"/>
        <DCCReference Include="Forms\OutputForms\DbGrid\Erp\Urt\ufrmSetRctIscilikGiderTipleri.pas">
            <Form>frmSetRctIscilikGiderTipleri</Form>
        </DCCReference>
        <DCCReference Include="Forms\InputForms\Erp\Urt\ufrmSetRctIscilikGiderTipi.pas">
            <Form>frmSetRctIscilikGiderTipi</Form>
        </DCCReference>
        <DCCReference Include="BackEnd\Erp\Urt\Ths.Erp.Database.Table.RctRecete.pas"/>
        <DCCReference Include="Forms\OutputForms\DbGrid\Erp\Urt\ufrmRctReceteler.pas">
            <Form>frmRctReceteler</Form>
        </DCCReference>
        <DCCReference Include="Forms\DetailedInputForms\Erp\Urt\ufrmRctReceteDetaylar.pas">
            <Form>frmRctReceteDetaylar</Form>
        </DCCReference>
        <DCCReference Include="Forms\DetailedInputForms\Erp\Urt\ufrmRctReceteHammadde.pas">
            <Form>frmRctReceteHammadde</Form>
        </DCCReference>
        <DCCReference Include="Forms\DetailedInputForms\Erp\Urt\ufrmRctReceteIscilik.pas">
            <Form>frmRctReceteIscilik</Form>
        </DCCReference>
        <DCCReference Include="Forms\DetailedInputForms\Erp\Urt\ufrmRctReceteYanUrun.pas">
            <Form>frmRctReceteYanUrun</Form>
        </DCCReference>
        <DCCReference Include="BackEnd\Erp\Urt\Ths.Erp.Database.Table.RctPaketHammadde.pas"/>
        <DCCReference Include="Forms\OutputForms\DbGrid\Erp\Urt\ufrmRctPaketHammaddeler.pas">
            <Form>frmRctPaketHammaddeler</Form>
        </DCCReference>
        <DCCReference Include="Forms\DetailedInputForms\Erp\Urt\ufrmRctPaketHammaddeDetaylar.pas">
            <Form>frmRctPaketHammaddeDetaylar</Form>
        </DCCReference>
        <DCCReference Include="Forms\DetailedInputForms\Erp\Urt\ufrmRctPaketHammaddeDetay.pas">
            <Form>frmRctPaketHammaddeDetay</Form>
        </DCCReference>
        <DCCReference Include="BackEnd\Erp\Ch\Ths.Erp.Database.Table.SetChFirmaTipi.pas"/>
        <DCCReference Include="Forms\OutputForms\DbGrid\Erp\Ch\ufrmSetChFirmaTipleri.pas">
            <Form>frmSetChFirmaTipleri</Form>
        </DCCReference>
        <DCCReference Include="Forms\InputForms\Erp\Ch\ufrmSetChFirmaTipi.pas">
            <Form>frmSetChFirmaTipi</Form>
        </DCCReference>
        <DCCReference Include="BackEnd\Erp\Ch\Ths.Erp.Database.Table.SetChFirmaTuru.pas"/>
        <DCCReference Include="Forms\OutputForms\DbGrid\Erp\Ch\ufrmSetChFirmaTurleri.pas">
            <Form>frmSetChFirmaTurleri</Form>
        </DCCReference>
        <DCCReference Include="Forms\InputForms\Erp\Ch\ufrmSetChFirmaTuru.pas">
            <Form>frmSetChFirmaTuru</Form>
        </DCCReference>
        <DCCReference Include="BackEnd\Erp\Ch\Ths.Erp.Database.Table.SetChGrup.pas"/>
        <DCCReference Include="Forms\OutputForms\DbGrid\Erp\Ch\ufrmSetChGruplar.pas">
            <Form>frmSetChGruplar</Form>
        </DCCReference>
        <DCCReference Include="Forms\InputForms\Erp\Ch\ufrmSetChGrup.pas">
            <Form>frmSetChGrup</Form>
        </DCCReference>
        <DCCReference Include="BackEnd\Erp\Ch\Ths.Erp.Database.Table.SetChHesapPlani.pas"/>
        <DCCReference Include="Forms\OutputForms\DbGrid\Erp\Ch\ufrmSetChHesapPlanlari.pas">
            <Form>frmSetChHesapPlanlari</Form>
        </DCCReference>
        <DCCReference Include="Forms\InputForms\Erp\Ch\ufrmSetChHesapPlani.pas">
            <Form>frmSetChHesapPlani</Form>
        </DCCReference>
        <DCCReference Include="BackEnd\Erp\Ch\Ths.Erp.Database.Table.SetChHesapTipi.pas"/>
        <DCCReference Include="Forms\OutputForms\DbGrid\Erp\Ch\ufrmSetChHesapTipleri.pas">
            <Form>frmSetChHesapTipleri</Form>
        </DCCReference>
        <DCCReference Include="Forms\InputForms\Erp\Ch\ufrmSetChHesapTipi.pas">
            <Form>frmSetChHesapTipi</Form>
        </DCCReference>
        <DCCReference Include="BackEnd\Erp\Ch\Ths.Erp.Database.Table.SetChVergiOrani.pas"/>
        <DCCReference Include="Forms\OutputForms\DbGrid\Erp\Ch\ufrmSetChVergiOranlari.pas">
            <Form>frmSetChVergiOranlari</Form>
        </DCCReference>
        <DCCReference Include="Forms\InputForms\Erp\Ch\ufrmSetChVergiOrani.pas">
            <Form>frmSetChVergiOrani</Form>
        </DCCReference>
        <DCCReference Include="BackEnd\Erp\Ch\Ths.Erp.Database.Table.ChBanka.pas"/>
        <DCCReference Include="Forms\OutputForms\DbGrid\Erp\Ch\ufrmChBankalar.pas">
            <Form>frmChBankalar</Form>
        </DCCReference>
        <DCCReference Include="Forms\InputForms\Erp\Ch\ufrmChBanka.pas">
            <Form>frmChBanka</Form>
        </DCCReference>
        <DCCReference Include="BackEnd\Erp\Ch\Ths.Erp.Database.Table.ChBankaSubesi.pas"/>
        <DCCReference Include="Forms\OutputForms\DbGrid\Erp\Ch\ufrmChBankaSubeleri.pas">
            <Form>frmChBankaSubeleri</Form>
        </DCCReference>
        <DCCReference Include="Forms\InputForms\Erp\Ch\ufrmChBankaSubesi.pas">
            <Form>frmChBankaSubesi</Form>
        </DCCReference>
        <DCCReference Include="BackEnd\Erp\Ch\Ths.Erp.Database.Table.ChBolge.pas"/>
        <DCCReference Include="Forms\OutputForms\DbGrid\Erp\Ch\ufrmChBolgeler.pas">
            <Form>frmChBolgeler</Form>
        </DCCReference>
        <DCCReference Include="Forms\InputForms\Erp\Ch\ufrmChBolge.pas">
            <Form>frmChBolge</Form>
        </DCCReference>
        <DCCReference Include="BackEnd\Erp\Ch\Ths.Erp.Database.Table.ChHesapKarti.pas"/>
        <DCCReference Include="Forms\OutputForms\DbGrid\Erp\Ch\ufrmChHesapKartlari.pas">
            <Form>frmHesapKartlari</Form>
        </DCCReference>
        <DCCReference Include="Forms\InputForms\Erp\Ch\ufrmChHesapKarti.pas">
            <Form>frmHesapKarti</Form>
        </DCCReference>
        <DCCReference Include="BackEnd\Erp\Ch\Ths.Erp.Database.Table.ChHesapKartiAra.pas"/>
        <DCCReference Include="Forms\OutputForms\DbGrid\Erp\Ch\ufrmChHesapKartlariAra.pas">
            <Form>frmHesapKartlariAra</Form>
        </DCCReference>
        <DCCReference Include="Forms\InputForms\Erp\Ch\ufrmChHesapKartiAra.pas">
            <Form>frmHesapKartiAra</Form>
        </DCCReference>
        <DCCReference Include="BackEnd\Erp\Stk\Ths.Erp.Database.Table.SetStkUrunTipi.pas"/>
        <DCCReference Include="Forms\OutputForms\DbGrid\Erp\Stk\ufrmSetStkUrunTipleri.pas">
            <Form>frmSetStkUrunTipleri</Form>
        </DCCReference>
        <DCCReference Include="Forms\InputForms\Erp\Stk\ufrmSetStkUrunTipi.pas">
            <Form>frmSetStkUrunTipi</Form>
        </DCCReference>
        <DCCReference Include="BackEnd\Erp\Stk\Ths.Erp.Database.Table.StkCinsOzelligi.pas"/>
        <DCCReference Include="Forms\OutputForms\DbGrid\Erp\Stk\ufrmStkCinsOzellikleri.pas">
            <Form>frmStkCinsOzellikleri</Form>
        </DCCReference>
        <DCCReference Include="Forms\InputForms\Erp\Stk\ufrmStkCinsOzelligi.pas">
            <Form>frmStkCinsOzelligi</Form>
        </DCCReference>
        <DCCReference Include="BackEnd\Erp\Stk\Ths.Erp.Database.Table.StkStokGrubu.pas"/>
        <DCCReference Include="Forms\OutputForms\DbGrid\Erp\Stk\ufrmStkStokGruplari.pas">
            <Form>frmStkStokGruplari</Form>
        </DCCReference>
        <DCCReference Include="Forms\InputForms\Erp\Stk\ufrmStkStokGrubu.pas">
            <Form>frmStkStokGrubu</Form>
        </DCCReference>
        <DCCReference Include="BackEnd\Erp\Stk\Ths.Erp.Database.Table.StkStokAmbar.pas"/>
        <DCCReference Include="Forms\OutputForms\DbGrid\Erp\Stk\ufrmStkStokAmbarlar.pas">
            <Form>frmStkStokAmbarlar</Form>
        </DCCReference>
        <DCCReference Include="Forms\InputForms\Erp\Stk\ufrmStkStokAmbar.pas">
            <Form>frmStkStokAmbar</Form>
        </DCCReference>
        <DCCReference Include="BackEnd\Erp\Stk\Ths.Erp.Database.Table.StkStokKarti.pas"/>
        <DCCReference Include="Forms\OutputForms\DbGrid\Erp\Stk\ufrmStkStokKartlari.pas">
            <Form>frmStkStokKartlari</Form>
        </DCCReference>
        <DCCReference Include="Forms\InputForms\Erp\Stk\ufrmStkStokKarti.pas">
            <Form>frmStkStokKarti</Form>
        </DCCReference>
        <DCCReference Include="BackEnd\Erp\Stk\Ths.Erp.Database.Table.StkStokHareketi.pas"/>
        <DCCReference Include="Forms\OutputForms\DbGrid\Erp\Stk\ufrmStkStokHareketleri.pas">
            <Form>frmStkStokHareketleri</Form>
        </DCCReference>
        <DCCReference Include="BackEnd\Erp\Oth\Ths.Erp.Database.Table.OthMailReciever.pas"/>
        <DCCReference Include="Forms\OutputForms\DbGrid\Erp\Oth\ufrmOthMailRecievers.pas">
            <Form>frmOthMailRecievers</Form>
        </DCCReference>
        <DCCReference Include="Forms\InputForms\Erp\Oth\ufrmOthMailReciever.pas">
            <Form>frmOthMailReciever</Form>
        </DCCReference>
        <DCCReference Include="BackEnd\Erp\Tek\Ths.Erp.Database.Table.SetSatTeklifDurum.pas"/>
        <DCCReference Include="Forms\OutputForms\DbGrid\Erp\Tek\ufrmSetSatTeklifDurumlar.pas">
            <Form>frmSetSatTeklifDurumlar</Form>
        </DCCReference>
        <DCCReference Include="Forms\InputForms\Erp\Tek\ufrmSetSatTeklifDurum.pas">
            <Form>frmSetSatTeklifDurum</Form>
        </DCCReference>
        <DCCReference Include="BackEnd\Erp\Tek\Ths.Erp.Database.Table.SetTekTeklifTipi.pas"/>
        <DCCReference Include="Forms\OutputForms\DbGrid\Erp\Tek\ufrmSetTekTeklifTipleri.pas">
            <Form>frmSetTekTeklifTipleri</Form>
        </DCCReference>
        <DCCReference Include="Forms\InputForms\Erp\Tek\ufrmSetTekTeklifTipi.pas">
            <Form>frmSetTekTeklifTipi</Form>
        </DCCReference>
        <DCCReference Include="BackEnd\Erp\Tek\Ths.Erp.Database.Table.SatTeklif.pas"/>
        <DCCReference Include="Forms\OutputForms\DbGrid\Erp\Tek\ufrmSatTeklifler.pas">
            <Form>frmSatTeklifler</Form>
        </DCCReference>
        <DCCReference Include="Forms\DetailedInputForms\Erp\Tek\ufrmSatTeklifDetay.pas">
            <Form>frmSatTeklifDetay</Form>
        </DCCReference>
        <DCCReference Include="Forms\DetailedInputForms\Erp\Tek\ufrmSatTeklifDetaylar.pas">
            <Form>frmSatTeklifDetaylar</Form>
        </DCCReference>
        <DCCReference Include="BackEnd\Erp\Sip\Ths.Erp.Database.Table.SetSatSiparisDurum.pas"/>
        <DCCReference Include="Forms\OutputForms\DbGrid\Erp\Sip\ufrmSetSatSiparisDurumlar.pas">
            <Form>frmSetSatSiparisDurumlar</Form>
        </DCCReference>
        <DCCReference Include="Forms\InputForms\Erp\Sip\ufrmSetSatSiparisDurum.pas">
            <Form>frmSetSatSiparisDurum</Form>
        </DCCReference>
        <DCCReference Include="BackEnd\Erp\Sip\Ths.Erp.Database.Table.SatSiparis.pas"/>
        <DCCReference Include="Forms\OutputForms\DbGrid\Erp\Sip\ufrmSatSiparisler.pas">
            <Form>frmSatSiparisler</Form>
        </DCCReference>
        <DCCReference Include="Forms\DetailedInputForms\Erp\Sip\ufrmSatSiparisDetaylar.pas">
            <Form>frmSatSiparisDetaylar</Form>
        </DCCReference>
        <DCCReference Include="Forms\DetailedInputForms\Erp\Sip\ufrmSatSiparisDetay.pas">
            <Form>frmSatSiparisDetay</Form>
        </DCCReference>
        <DCCReference Include="BackEnd\Erp\Sip\Ths.Erp.Database.Table.SatSiparisRapor.pas"/>
        <DCCReference Include="Forms\OutputForms\DbGrid\Erp\Sip\ufrmSatSiparislerRapor.pas">
            <Form>frmSatSiparislerRapor</Form>
        </DCCReference>
        <DCCReference Include="BackEnd\Employee\Ths.Erp.Database.Table.SetPrsAskerlikDurumu.pas"/>
        <DCCReference Include="Forms\OutputForms\DbGrid\Employee\ufrmSetPrsAskerlikDurumlari.pas">
            <Form>frmSetPrsAskerlikDurumlari</Form>
        </DCCReference>
        <DCCReference Include="Forms\InputForms\Employee\ufrmSetPrsAskerlikDurumu.pas">
            <Form>frmSetPrsAskerlikDurumu</Form>
        </DCCReference>
        <DCCReference Include="BackEnd\Employee\Ths.Erp.Database.Table.SetPrsAyrilmaNedeni.pas"/>
        <DCCReference Include="Forms\OutputForms\DbGrid\Employee\ufrmSetPrsAyrilmaNedenleri.pas">
            <Form>frmSetPrsAyrilmaNedenleri</Form>
        </DCCReference>
        <DCCReference Include="Forms\InputForms\Employee\ufrmSetPrsAyrilmaNedeni.pas">
            <Form>frmSetPrsAyrilmaNedeni</Form>
        </DCCReference>
        <DCCReference Include="BackEnd\Employee\Ths.Erp.Database.Table.SetPrsBirim.pas"/>
        <DCCReference Include="Forms\OutputForms\DbGrid\Employee\ufrmSetPrsBirimler.pas">
            <Form>frmSetPrsBirimler</Form>
        </DCCReference>
        <DCCReference Include="Forms\InputForms\Employee\ufrmSetPrsBirim.pas">
            <Form>frmSetPrsBirim</Form>
        </DCCReference>
        <DCCReference Include="BackEnd\Employee\Ths.Erp.Database.Table.SetPrsBolum.pas"/>
        <DCCReference Include="Forms\OutputForms\DbGrid\Employee\ufrmSetPrsBolumler.pas">
            <Form>frmSetPrsBolumler</Form>
        </DCCReference>
        <DCCReference Include="Forms\InputForms\Employee\ufrmSetPrsBolum.pas">
            <Form>frmSetPrsBolum</Form>
        </DCCReference>
        <DCCReference Include="BackEnd\Employee\Ths.Erp.Database.Table.SetPrsCinsiyet.pas"/>
        <DCCReference Include="Forms\OutputForms\DbGrid\Employee\ufrmSetPrsCinsiyetler.pas">
            <Form>frmSetPrsCinsiyetler</Form>
        </DCCReference>
        <DCCReference Include="Forms\InputForms\Employee\ufrmSetPrsCinsiyet.pas">
            <Form>frmSetPrsCinsiyet</Form>
        </DCCReference>
        <DCCReference Include="BackEnd\Employee\Ths.Erp.Database.Table.SetPrsEgitimSeviyesi.pas"/>
        <DCCReference Include="Forms\OutputForms\DbGrid\Employee\ufrmSetPrsEgitimSeviyeleri.pas">
            <Form>frmSetPrsEgitimSeviyeleri</Form>
        </DCCReference>
        <DCCReference Include="Forms\InputForms\Employee\ufrmSetPrsEgitimSeviyesi.pas">
            <Form>frmSetPrsEgitimSeviyesi</Form>
        </DCCReference>
        <DCCReference Include="BackEnd\Employee\Ths.Erp.Database.Table.SetPrsEhliyet.pas"/>
        <DCCReference Include="Forms\OutputForms\DbGrid\Employee\ufrmSetPrsEhliyetler.pas">
            <Form>frmSetPrsEhliyetler</Form>
        </DCCReference>
        <DCCReference Include="Forms\InputForms\Employee\ufrmSetPrsEhliyet.pas">
            <Form>frmSetEmpDriverLicense</Form>
        </DCCReference>
        <DCCReference Include="BackEnd\Employee\Ths.Erp.Database.Table.SetPrsGorev.pas"/>
        <DCCReference Include="Forms\OutputForms\DbGrid\Employee\ufrmSetPrsGorevler.pas">
            <Form>frmSetPrsGorevler</Form>
        </DCCReference>
        <DCCReference Include="Forms\InputForms\Employee\ufrmSetPrsGorev.pas">
            <Form>frmSetPrsGorev</Form>
        </DCCReference>
        <DCCReference Include="BackEnd\Employee\Ths.Erp.Database.Table.SetPrsAyrilmaTipi.pas"/>
        <DCCReference Include="Forms\OutputForms\DbGrid\Employee\ufrmSetPrsAyrilmaTipleri.pas">
            <Form>frmSetPrsAyrilmaTipleri</Form>
        </DCCReference>
        <DCCReference Include="Forms\InputForms\Employee\ufrmSetPrsAyrilmaTipi.pas">
            <Form>frmSetPrsAyrilmaTipi</Form>
        </DCCReference>
        <DCCReference Include="BackEnd\Employee\Ths.Erp.Database.Table.SetPrsMedeniDurum.pas"/>
        <DCCReference Include="Forms\OutputForms\DbGrid\Employee\ufrmSetPrsMedeniDurumlar.pas">
            <Form>frmSetPrsMedeniDurumlar</Form>
        </DCCReference>
        <DCCReference Include="Forms\InputForms\Employee\ufrmSetPrsMedeniDurum.pas">
            <Form>frmSetPrsMedeniDurum</Form>
        </DCCReference>
        <DCCReference Include="BackEnd\Employee\Ths.Erp.Database.Table.SetPrsMektupTipi.pas"/>
        <DCCReference Include="Forms\OutputForms\DbGrid\Employee\ufrmSetPrsMektupTipleri.pas">
            <Form>frmSetPrsMektupTipleri</Form>
        </DCCReference>
        <DCCReference Include="Forms\InputForms\Employee\ufrmSetPrsMektupTipi.pas">
            <Form>frmSetPrsMektupTipi</Form>
        </DCCReference>
        <DCCReference Include="BackEnd\Employee\Ths.Erp.Database.Table.SetPrsYeterlilikBelgesi.pas"/>
        <DCCReference Include="Forms\OutputForms\DbGrid\Employee\ufrmSetPrsYeterlilikBelgeleri.pas">
            <Form>frmSetPrsYeterlilikBelgeleri</Form>
        </DCCReference>
        <DCCReference Include="Forms\InputForms\Employee\ufrmSetPrsYeterlilikBelgesi.pas">
            <Form>frmSetPrsYeterlilikBelgesi</Form>
        </DCCReference>
        <DCCReference Include="BackEnd\Employee\Ths.Erp.Database.Table.SetPrsPersonelTipi.pas"/>
        <DCCReference Include="Forms\OutputForms\DbGrid\Employee\ufrmSetPrsPersonelTipleri.pas">
            <Form>frmSetPrsPersonelTipleri</Form>
        </DCCReference>
        <DCCReference Include="Forms\InputForms\Employee\ufrmSetPrsPersonelTipi.pas">
            <Form>frmSetPrsPersonelTipi</Form>
        </DCCReference>
        <DCCReference Include="BackEnd\Employee\Ths.Erp.Database.Table.SetPrsRaporTipi.pas"/>
        <DCCReference Include="Forms\OutputForms\DbGrid\Employee\ufrmSetPrsRaporTipleri.pas">
            <Form>frmSetPrsRaporTipleri</Form>
        </DCCReference>
        <DCCReference Include="Forms\InputForms\Employee\ufrmSetPrsRaporTipi.pas">
            <Form>frmSetPrsRaporTipi</Form>
        </DCCReference>
        <DCCReference Include="BackEnd\Employee\Ths.Erp.Database.Table.SetPrsSrcTipi.pas"/>
        <DCCReference Include="Forms\OutputForms\DbGrid\Employee\ufrmSetPrsSrcTipleri.pas">
            <Form>frmSetPrsSrcTipleri</Form>
        </DCCReference>
        <DCCReference Include="Forms\InputForms\Employee\ufrmSetPrsSrcTipi.pas">
            <Form>frmSetPrsSrcTipi</Form>
        </DCCReference>
        <DCCReference Include="BackEnd\Employee\Ths.Erp.Database.Table.SetPrsTatilTipi.pas"/>
        <DCCReference Include="Forms\OutputForms\DbGrid\Employee\ufrmSetPrsTatilTipleri.pas">
            <Form>frmSetPrsTatilTipleri</Form>
        </DCCReference>
        <DCCReference Include="Forms\InputForms\Employee\ufrmSetPrsTatilTipi.pas">
            <Form>frmSetPrsTatilTipi</Form>
        </DCCReference>
        <DCCReference Include="BackEnd\Employee\Ths.Erp.Database.Table.SetPrsLisan.pas"/>
        <DCCReference Include="Forms\OutputForms\DbGrid\Employee\ufrmSetPrsLisanlar.pas">
            <Form>frmSetPrsLisanlar</Form>
        </DCCReference>
        <DCCReference Include="Forms\InputForms\Employee\ufrmSetPrsLisan.pas">
            <Form>frmSetPrsLisan</Form>
        </DCCReference>
        <DCCReference Include="BackEnd\Employee\Ths.Erp.Database.Table.SetPrsLisanSeviyesi.pas"/>
        <DCCReference Include="Forms\OutputForms\DbGrid\Employee\ufrmSetPrsLisanSeviyeleri.pas">
            <Form>frmSetPrsLisanSeviyeleri</Form>
        </DCCReference>
        <DCCReference Include="Forms\InputForms\Employee\ufrmSetPrsLisanSeviyesi.pas">
            <Form>frmSetPrsLisanSeviyesi</Form>
        </DCCReference>
        <DCCReference Include="BackEnd\Employee\Ths.Erp.Database.Table.SetPrsGecisSistemiKarti.pas"/>
        <DCCReference Include="Forms\OutputForms\DbGrid\Employee\ufrmSetPrsGecisSistemiKartlari.pas">
            <Form>frmSetPrsGecisSistemiKartlari</Form>
        </DCCReference>
        <DCCReference Include="Forms\InputForms\Employee\ufrmSetPrsGecisSistemiKarti.pas">
            <Form>frmSetPrsGecisSistemiKarti</Form>
        </DCCReference>
        <DCCReference Include="BackEnd\Employee\Ths.Erp.Database.Table.SetPrsServisAraci.pas"/>
        <DCCReference Include="Forms\OutputForms\DbGrid\Employee\ufrmSetPrsServisAraclari.pas">
            <Form>frmSetPrsServisAraclari</Form>
        </DCCReference>
        <DCCReference Include="Forms\InputForms\Employee\ufrmSetPrsServisAraci.pas">
            <Form>frmSetPrsServisAraci</Form>
        </DCCReference>
        <DCCReference Include="BackEnd\Employee\Ths.Erp.Database.Table.PrsPersonel.pas"/>
        <DCCReference Include="Forms\OutputForms\DbGrid\Employee\ufrmPrsPersoneller.pas">
            <Form>frmPrsPersoneller</Form>
        </DCCReference>
        <DCCReference Include="Forms\InputForms\Employee\ufrmPrsPersonel.pas">
            <Form>frmPrsPersonel</Form>
        </DCCReference>
        <DCCReference Include="BackEnd\Employee\Ths.Erp.Database.Table.PrsPersonelGecmisi.pas"/>
        <DCCReference Include="BackEnd\Employee\Ths.Erp.Database.Table.PrsLisanBilgisi.pas"/>
        <DCCReference Include="Forms\OutputForms\DbGrid\Employee\ufrmPrsLisanBilgileri.pas">
            <Form>frmEmpLangAbilities</Form>
        </DCCReference>
        <DCCReference Include="Forms\InputForms\Employee\ufrmPrsLisanBilgisi.pas">
            <Form>frmEmpLangAbility</Form>
        </DCCReference>
        <DCCReference Include="BackEnd\Employee\Ths.Erp.Database.Table.PrsEhliyetBilgisi.pas"/>
        <DCCReference Include="Forms\OutputForms\DbGrid\Employee\ufrmPrsSrcBilgileri.pas">
            <Form>frmEmpSrcAbilities</Form>
        </DCCReference>
        <DCCReference Include="Forms\InputForms\Employee\ufrmPrsSrcBilgisi.pas">
            <Form>frmEmpSrcAbility</Form>
        </DCCReference>
        <DCCReference Include="BackEnd\Employee\Ths.Erp.Database.Table.PrsSrcBilgisi.pas"/>
        <DCCReference Include="Forms\OutputForms\DbGrid\Employee\ufrmPrsEhliyetBilgileri.pas">
            <Form>frmEmpDriverLicenseAbilities</Form>
        </DCCReference>
        <DCCReference Include="Forms\InputForms\Employee\ufrmPrsEhliyetBilgisi.pas">
            <Form>frmEmpDriverLicenseAbility</Form>
        </DCCReference>
        <DCCReference Include="BackEnd\Erp\Utd\Ths.Erp.Database.Table.SetUtdDokumanTipi.pas"/>
        <DCCReference Include="Forms\OutputForms\DbGrid\Erp\Utd\ufrmSetUtdDokumanTipleri.pas">
            <Form>frmSetUtdDokumanTipleri</Form>
        </DCCReference>
        <DCCReference Include="Forms\InputForms\Erp\Utd\ufrmSetUtdDokumanTipi.pas">
            <Form>frmSetUtdDokumanTipi</Form>
        </DCCReference>
        <DCCReference Include="BackEnd\Erp\Utd\Ths.Erp.Database.Table.SetUtdDosyaUzantisi.pas"/>
        <DCCReference Include="Forms\OutputForms\DbGrid\Erp\Utd\ufrmSetUtdDosyaUzantilari.pas">
            <Form>frmSetUtdDosyaUzantilari</Form>
        </DCCReference>
        <DCCReference Include="Forms\InputForms\Erp\Utd\ufrmSetUtdDosyaUzantisi.pas">
            <Form>frmSetUtdDosyaUzantisi</Form>
        </DCCReference>
        <DCCReference Include="BackEnd\Erp\Utd\Ths.Erp.Database.Table.UtdDokuman.pas"/>
        <DCCReference Include="Forms\OutputForms\DbGrid\Erp\Utd\ufrmUtdDokumanlar.pas">
            <Form>frmUtdDokumanlar</Form>
        </DCCReference>
        <DCCReference Include="Forms\InputForms\Erp\Utd\ufrmUtdDokuman.pas">
            <Form>frmUtdDokuman</Form>
        </DCCReference>
        <DCCReference Include="BackEnd\Ths.Erp.Database.Table.UrunKabulRedNedeni.pas"/>
        <DCCReference Include="Forms\OutputForms\DbGrid\ufrmUrunKabulRedNedenleri.pas">
            <Form>frmUrunKabulRedNedenleri</Form>
        </DCCReference>
        <DCCReference Include="Forms\InputForms\ufrmUrunKabulRedNedeni.pas">
            <Form>frmUrunKabulRedNedeni</Form>
        </DCCReference>
        <DCCReference Include="BackEnd\Ths.Erp.Database.Table.SetOdemeBaslangicDonemi.pas"/>
        <DCCReference Include="Forms\OutputForms\DbGrid\ufrmSetOdemeBaslangicDonemleri.pas">
            <Form>frmSetOdemeBaslangicDonemleri</Form>
        </DCCReference>
        <DCCReference Include="Forms\InputForms\ufrmSetOdemeBaslangicDonemi.pas">
            <Form>frmSetOdemeBaslangicDonemi</Form>
        </DCCReference>
        <DCCReference Include="BackEnd\AracTakip\Ths.Erp.Database.Table.Arac.YetkiliSurucu.pas"/>
        <DCCReference Include="BackEnd\AracTakip\Ths.Erp.Database.Table.Arac.BakimBilgisi.pas"/>
        <DCCReference Include="BackEnd\AracTakip\Ths.Erp.Database.Table.Arac.Hareket.pas"/>
        <DCCReference Include="BackEnd\AracTakip\Ths.Erp.Database.Table.Arac.Arac.pas"/>
        <DCCReference Include="Forms\OutputForms\DbGrid\AracTakip\ufrmAracTakipAraclar.pas">
            <Form>frmAracTakipAraclar</Form>
        </DCCReference>
        <DCCReference Include="Forms\InputForms\AracTakip\ufrmAracTakipArac.pas">
            <Form>frmAracTakipArac</Form>
        </DCCReference>
        <DCCReference Include="Forms\InputForms\Tools\ufrmTarihHaftaSecici.pas">
            <Form>frmTarihHaftaSecici</Form>
        </DCCReference>
        <DCCReference Include="BackEnd\BilgiBankasi\Ths.Erp.Database.Table.SetBbkCalismaDurumu.pas"/>
        <DCCReference Include="Forms\OutputForms\DbGrid\BilgiBankasi\ufrmSetBbkCalismaDurumlari.pas">
            <Form>frmSetBbkCalismaDurumlari</Form>
        </DCCReference>
        <DCCReference Include="Forms\InputForms\BilgiBankasi\ufrmSetBbkCalismaDurumu.pas">
            <Form>frmSetBbkCalismaDurumu</Form>
        </DCCReference>
        <DCCReference Include="BackEnd\BilgiBankasi\Ths.Erp.Database.Table.SetBbkFinansDurumu.pas"/>
        <DCCReference Include="Forms\InputForms\BilgiBankasi\ufrmSetBbkFinansDurumu.pas">
            <Form>frmSetBbkFinansDurumu</Form>
        </DCCReference>
        <DCCReference Include="Forms\OutputForms\DbGrid\BilgiBankasi\ufrmSetBbkFinansDurumlari.pas">
            <Form>frmSetBbkFinansDurumlari</Form>
        </DCCReference>
        <DCCReference Include="BackEnd\BilgiBankasi\Ths.Erp.Database.Table.SetBbkFirmaTipi.pas"/>
        <DCCReference Include="Forms\OutputForms\DbGrid\BilgiBankasi\ufrmSetBbkFirmaTipleri.pas">
            <Form>frmSetBbkFirmaTipleri</Form>
        </DCCReference>
        <DCCReference Include="Forms\InputForms\BilgiBankasi\ufrmSetBbkFirmaTipi.pas">
            <Form>frmSetBbkFirmaTipi</Form>
        </DCCReference>
        <DCCReference Include="BackEnd\BilgiBankasi\Ths.Erp.Database.Table.BbkKayit.pas"/>
        <DCCReference Include="Forms\OutputForms\DbGrid\BilgiBankasi\ufrmBbkKayitlar.pas">
            <Form>frmBbkKayitlar</Form>
        </DCCReference>
        <DCCReference Include="Forms\InputForms\BilgiBankasi\ufrmBbkKayit.pas">
            <Form>frmBbkKayit</Form>
        </DCCReference>
        <DCCReference Include="BackEnd\Erp\Ch\Ths.Erp.Database.Table.ChHesapHareketi.pas"/>
        <BuildConfiguration Include="Debug">
            <Key>Cfg_2</Key>
            <CfgParent>Base</CfgParent>
        </BuildConfiguration>
        <BuildConfiguration Include="Base">
            <Key>Base</Key>
        </BuildConfiguration>
        <BuildConfiguration Include="Release">
            <Key>Cfg_1</Key>
            <CfgParent>Base</CfgParent>
        </BuildConfiguration>
    </ItemGroup>
    <ProjectExtensions>
        <Borland.Personality>Delphi.Personality.12</Borland.Personality>
        <Borland.ProjectType/>
        <BorlandProject>
            <Delphi.Personality>
                <Source>
                    <Source Name="MainSource">ThsERP.dpr</Source>
                </Source>
                <Excluded_Packages>
                    <Excluded_Packages Name="$(BDSBIN)\DataExplorerDBXPluginEnt260.bpl">DBExpress Enterprise Data Explorer Integration</Excluded_Packages>
                    <Excluded_Packages Name="$(BDSBIN)\dcloffice2k260.bpl">Microsoft Office 2000 Sample Automation Server Wrapper Components</Excluded_Packages>
                    <Excluded_Packages Name="$(BDSBIN)\dclofficexp260.bpl">Microsoft Office XP Sample Automation Server Wrapper Components</Excluded_Packages>
                </Excluded_Packages>
            </Delphi.Personality>
            <Platforms>
                <Platform value="iOSDevice64">True</Platform>
                <Platform value="Linux64">True</Platform>
                <Platform value="Win32">True</Platform>
                <Platform value="Win64">False</Platform>
            </Platforms>
            <Deployment Version="3">
                <DeployFile LocalName="ThsERP.exe" Configuration="Debug" Class="ProjectOutput">
                    <Platform Name="Win32">
                        <RemoteName>ThsERP.exe</RemoteName>
                        <Overwrite>true</Overwrite>
                    </Platform>
                </DeployFile>
                <DeployFile LocalName="ThsERP.exe" Configuration="Release" Class="ProjectOutput">
                    <Platform Name="Win32">
                        <RemoteName>ThsERP.exe</RemoteName>
                        <Overwrite>true</Overwrite>
                    </Platform>
                </DeployFile>
                <DeployClass Name="AdditionalDebugSymbols">
                    <Platform Name="iOSSimulator">
                        <Operation>1</Operation>
                    </Platform>
                    <Platform Name="OSX32">
                        <RemoteDir>Contents\MacOS</RemoteDir>
                        <Operation>1</Operation>
                    </Platform>
                    <Platform Name="Win32">
                        <Operation>0</Operation>
                    </Platform>
                </DeployClass>
                <DeployClass Name="AndroidClassesDexFile">
                    <Platform Name="Android">
                        <RemoteDir>classes</RemoteDir>
                        <Operation>1</Operation>
                    </Platform>
                </DeployClass>
                <DeployClass Name="AndroidFileProvider">
                    <Platform Name="Android">
                        <RemoteDir>res\xml</RemoteDir>
                        <Operation>1</Operation>
                    </Platform>
                </DeployClass>
                <DeployClass Name="AndroidGDBServer">
                    <Platform Name="Android">
                        <RemoteDir>library\lib\armeabi-v7a</RemoteDir>
                        <Operation>1</Operation>
                    </Platform>
                </DeployClass>
                <DeployClass Name="AndroidLibnativeArmeabiFile">
                    <Platform Name="Android">
                        <RemoteDir>library\lib\armeabi</RemoteDir>
                        <Operation>1</Operation>
                    </Platform>
                </DeployClass>
                <DeployClass Name="AndroidLibnativeArmeabiv7aFile">
                    <Platform Name="Android64">
                        <RemoteDir>library\lib\armeabi-v7a</RemoteDir>
                        <Operation>1</Operation>
                    </Platform>
                </DeployClass>
                <DeployClass Name="AndroidLibnativeMipsFile">
                    <Platform Name="Android">
                        <RemoteDir>library\lib\mips</RemoteDir>
                        <Operation>1</Operation>
                    </Platform>
                </DeployClass>
                <DeployClass Name="AndroidServiceOutput">
                    <Platform Name="Android">
                        <RemoteDir>library\lib\armeabi-v7a</RemoteDir>
                        <Operation>1</Operation>
                    </Platform>
                </DeployClass>
                <DeployClass Name="AndroidServiceOutput_Android32">
                    <Platform Name="Android64">
                        <RemoteDir>library\lib\armeabi-v7a</RemoteDir>
                        <Operation>1</Operation>
                    </Platform>
                </DeployClass>
                <DeployClass Name="AndroidSplashImageDef">
                    <Platform Name="Android">
                        <RemoteDir>res\drawable</RemoteDir>
                        <Operation>1</Operation>
                    </Platform>
                </DeployClass>
                <DeployClass Name="AndroidSplashStyles">
                    <Platform Name="Android">
                        <RemoteDir>res\values</RemoteDir>
                        <Operation>1</Operation>
                    </Platform>
                </DeployClass>
                <DeployClass Name="AndroidSplashStylesV21">
                    <Platform Name="Android">
                        <RemoteDir>res\values-v21</RemoteDir>
                        <Operation>1</Operation>
                    </Platform>
                </DeployClass>
                <DeployClass Name="Android_Colors">
                    <Platform Name="Android">
                        <RemoteDir>res\values</RemoteDir>
                        <Operation>1</Operation>
                    </Platform>
                    <Platform Name="Android64">
                        <RemoteDir>res\values</RemoteDir>
                        <Operation>1</Operation>
                    </Platform>
                </DeployClass>
                <DeployClass Name="Android_DefaultAppIcon">
                    <Platform Name="Android">
                        <RemoteDir>res\drawable</RemoteDir>
                        <Operation>1</Operation>
                    </Platform>
                </DeployClass>
                <DeployClass Name="Android_LauncherIcon144">
                    <Platform Name="Android">
                        <RemoteDir>res\drawable-xxhdpi</RemoteDir>
                        <Operation>1</Operation>
                    </Platform>
                </DeployClass>
                <DeployClass Name="Android_LauncherIcon36">
                    <Platform Name="Android">
                        <RemoteDir>res\drawable-ldpi</RemoteDir>
                        <Operation>1</Operation>
                    </Platform>
                </DeployClass>
                <DeployClass Name="Android_LauncherIcon48">
                    <Platform Name="Android">
                        <RemoteDir>res\drawable-mdpi</RemoteDir>
                        <Operation>1</Operation>
                    </Platform>
                </DeployClass>
                <DeployClass Name="Android_LauncherIcon72">
                    <Platform Name="Android">
                        <RemoteDir>res\drawable-hdpi</RemoteDir>
                        <Operation>1</Operation>
                    </Platform>
                </DeployClass>
                <DeployClass Name="Android_LauncherIcon96">
                    <Platform Name="Android">
                        <RemoteDir>res\drawable-xhdpi</RemoteDir>
                        <Operation>1</Operation>
                    </Platform>
                </DeployClass>
                <DeployClass Name="Android_NotificationIcon24">
                    <Platform Name="Android">
                        <RemoteDir>res\drawable-mdpi</RemoteDir>
                        <Operation>1</Operation>
                    </Platform>
                    <Platform Name="Android64">
                        <RemoteDir>res\drawable-mdpi</RemoteDir>
                        <Operation>1</Operation>
                    </Platform>
                </DeployClass>
                <DeployClass Name="Android_NotificationIcon36">
                    <Platform Name="Android">
                        <RemoteDir>res\drawable-hdpi</RemoteDir>
                        <Operation>1</Operation>
                    </Platform>
                    <Platform Name="Android64">
                        <RemoteDir>res\drawable-hdpi</RemoteDir>
                        <Operation>1</Operation>
                    </Platform>
                </DeployClass>
                <DeployClass Name="Android_NotificationIcon48">
                    <Platform Name="Android">
                        <RemoteDir>res\drawable-xhdpi</RemoteDir>
                        <Operation>1</Operation>
                    </Platform>
                    <Platform Name="Android64">
                        <RemoteDir>res\drawable-xhdpi</RemoteDir>
                        <Operation>1</Operation>
                    </Platform>
                </DeployClass>
                <DeployClass Name="Android_NotificationIcon72">
                    <Platform Name="Android">
                        <RemoteDir>res\drawable-xxhdpi</RemoteDir>
                        <Operation>1</Operation>
                    </Platform>
                    <Platform Name="Android64">
                        <RemoteDir>res\drawable-xxhdpi</RemoteDir>
                        <Operation>1</Operation>
                    </Platform>
                </DeployClass>
                <DeployClass Name="Android_NotificationIcon96">
                    <Platform Name="Android">
                        <RemoteDir>res\drawable-xxxhdpi</RemoteDir>
                        <Operation>1</Operation>
                    </Platform>
                    <Platform Name="Android64">
                        <RemoteDir>res\drawable-xxxhdpi</RemoteDir>
                        <Operation>1</Operation>
                    </Platform>
                </DeployClass>
                <DeployClass Name="Android_SplashImage426">
                    <Platform Name="Android">
                        <RemoteDir>res\drawable-small</RemoteDir>
                        <Operation>1</Operation>
                    </Platform>
                </DeployClass>
                <DeployClass Name="Android_SplashImage470">
                    <Platform Name="Android">
                        <RemoteDir>res\drawable-normal</RemoteDir>
                        <Operation>1</Operation>
                    </Platform>
                </DeployClass>
                <DeployClass Name="Android_SplashImage640">
                    <Platform Name="Android">
                        <RemoteDir>res\drawable-large</RemoteDir>
                        <Operation>1</Operation>
                    </Platform>
                </DeployClass>
                <DeployClass Name="Android_SplashImage960">
                    <Platform Name="Android">
                        <RemoteDir>res\drawable-xlarge</RemoteDir>
                        <Operation>1</Operation>
                    </Platform>
                </DeployClass>
                <DeployClass Name="Android_Strings">
                    <Platform Name="Android">
                        <RemoteDir>res\values</RemoteDir>
                        <Operation>1</Operation>
                    </Platform>
                    <Platform Name="Android64">
                        <RemoteDir>res\values</RemoteDir>
                        <Operation>1</Operation>
                    </Platform>
                </DeployClass>
                <DeployClass Name="DebugSymbols">
                    <Platform Name="iOSSimulator">
                        <Operation>1</Operation>
                    </Platform>
                    <Platform Name="OSX32">
                        <RemoteDir>Contents\MacOS</RemoteDir>
                        <Operation>1</Operation>
                    </Platform>
                    <Platform Name="Win32">
                        <Operation>0</Operation>
                    </Platform>
                </DeployClass>
                <DeployClass Name="DependencyFramework">
                    <Platform Name="OSX32">
                        <RemoteDir>Contents\MacOS</RemoteDir>
                        <Operation>1</Operation>
                        <Extensions>.framework</Extensions>
                    </Platform>
                    <Platform Name="OSX64">
                        <RemoteDir>Contents\MacOS</RemoteDir>
                        <Operation>1</Operation>
                        <Extensions>.framework</Extensions>
                    </Platform>
                    <Platform Name="Win32">
                        <Operation>0</Operation>
                    </Platform>
                </DeployClass>
                <DeployClass Name="DependencyModule">
                    <Platform Name="iOSDevice32">
                        <Operation>1</Operation>
                        <Extensions>.dylib</Extensions>
                    </Platform>
                    <Platform Name="iOSDevice64">
                        <Operation>1</Operation>
                        <Extensions>.dylib</Extensions>
                    </Platform>
                    <Platform Name="iOSSimulator">
                        <Operation>1</Operation>
                        <Extensions>.dylib</Extensions>
                    </Platform>
                    <Platform Name="OSX32">
                        <RemoteDir>Contents\MacOS</RemoteDir>
                        <Operation>1</Operation>
                        <Extensions>.dylib</Extensions>
                    </Platform>
                    <Platform Name="OSX64">
                        <RemoteDir>Contents\MacOS</RemoteDir>
                        <Operation>1</Operation>
                        <Extensions>.dylib</Extensions>
                    </Platform>
                    <Platform Name="Win32">
                        <Operation>0</Operation>
                        <Extensions>.dll;.bpl</Extensions>
                    </Platform>
                </DeployClass>
                <DeployClass Required="true" Name="DependencyPackage">
                    <Platform Name="iOSDevice32">
                        <Operation>1</Operation>
                        <Extensions>.dylib</Extensions>
                    </Platform>
                    <Platform Name="iOSDevice64">
                        <Operation>1</Operation>
                        <Extensions>.dylib</Extensions>
                    </Platform>
                    <Platform Name="iOSSimulator">
                        <Operation>1</Operation>
                        <Extensions>.dylib</Extensions>
                    </Platform>
                    <Platform Name="OSX32">
                        <RemoteDir>Contents\MacOS</RemoteDir>
                        <Operation>1</Operation>
                        <Extensions>.dylib</Extensions>
                    </Platform>
                    <Platform Name="OSX64">
                        <RemoteDir>Contents\MacOS</RemoteDir>
                        <Operation>1</Operation>
                        <Extensions>.dylib</Extensions>
                    </Platform>
                    <Platform Name="Win32">
                        <Operation>0</Operation>
                        <Extensions>.bpl</Extensions>
                    </Platform>
                </DeployClass>
                <DeployClass Name="File">
                    <Platform Name="Android">
                        <Operation>0</Operation>
                    </Platform>
                    <Platform Name="iOSDevice32">
                        <Operation>0</Operation>
                    </Platform>
                    <Platform Name="iOSDevice64">
                        <Operation>0</Operation>
                    </Platform>
                    <Platform Name="iOSSimulator">
                        <Operation>0</Operation>
                    </Platform>
                    <Platform Name="OSX32">
                        <RemoteDir>Contents\Resources\StartUp\</RemoteDir>
                        <Operation>0</Operation>
                    </Platform>
                    <Platform Name="OSX64">
                        <RemoteDir>Contents\Resources\StartUp\</RemoteDir>
                        <Operation>0</Operation>
                    </Platform>
                    <Platform Name="Win32">
                        <Operation>0</Operation>
                    </Platform>
                </DeployClass>
                <DeployClass Name="iPad_Launch1024">
                    <Platform Name="iOSDevice32">
                        <Operation>1</Operation>
                    </Platform>
                    <Platform Name="iOSDevice64">
                        <Operation>1</Operation>
                    </Platform>
                    <Platform Name="iOSSimulator">
                        <Operation>1</Operation>
                    </Platform>
                </DeployClass>
                <DeployClass Name="iPad_Launch1024x768">
                    <Platform Name="iOSDevice32">
                        <Operation>1</Operation>
                    </Platform>
                    <Platform Name="iOSDevice64">
                        <Operation>1</Operation>
                    </Platform>
                    <Platform Name="iOSSimulator">
                        <Operation>1</Operation>
                    </Platform>
                </DeployClass>
                <DeployClass Name="iPad_Launch1536">
                    <Platform Name="iOSDevice32">
                        <Operation>1</Operation>
                    </Platform>
                    <Platform Name="iOSDevice64">
                        <Operation>1</Operation>
                    </Platform>
                    <Platform Name="iOSSimulator">
                        <Operation>1</Operation>
                    </Platform>
                </DeployClass>
                <DeployClass Name="iPad_Launch1536x2048">
                    <Platform Name="iOSDevice32">
                        <Operation>1</Operation>
                    </Platform>
                    <Platform Name="iOSDevice64">
                        <Operation>1</Operation>
                    </Platform>
                    <Platform Name="iOSSimulator">
                        <Operation>1</Operation>
                    </Platform>
                </DeployClass>
                <DeployClass Name="iPad_Launch1668">
                    <Platform Name="iOSDevice32">
                        <Operation>1</Operation>
                    </Platform>
                    <Platform Name="iOSDevice64">
                        <Operation>1</Operation>
                    </Platform>
                    <Platform Name="iOSSimulator">
                        <Operation>1</Operation>
                    </Platform>
                </DeployClass>
                <DeployClass Name="iPad_Launch1668x2388">
                    <Platform Name="iOSDevice32">
                        <Operation>1</Operation>
                    </Platform>
                    <Platform Name="iOSDevice64">
                        <Operation>1</Operation>
                    </Platform>
                    <Platform Name="iOSSimulator">
                        <Operation>1</Operation>
                    </Platform>
                </DeployClass>
                <DeployClass Name="iPad_Launch2048">
                    <Platform Name="iOSDevice32">
                        <Operation>1</Operation>
                    </Platform>
                    <Platform Name="iOSDevice64">
                        <Operation>1</Operation>
                    </Platform>
                    <Platform Name="iOSSimulator">
                        <Operation>1</Operation>
                    </Platform>
                </DeployClass>
                <DeployClass Name="iPad_Launch2048x1536">
                    <Platform Name="iOSDevice32">
                        <Operation>1</Operation>
                    </Platform>
                    <Platform Name="iOSDevice64">
                        <Operation>1</Operation>
                    </Platform>
                    <Platform Name="iOSSimulator">
                        <Operation>1</Operation>
                    </Platform>
                </DeployClass>
                <DeployClass Name="iPad_Launch2048x2732">
                    <Platform Name="iOSDevice32">
                        <Operation>1</Operation>
                    </Platform>
                    <Platform Name="iOSDevice64">
                        <Operation>1</Operation>
                    </Platform>
                    <Platform Name="iOSSimulator">
                        <Operation>1</Operation>
                    </Platform>
                </DeployClass>
                <DeployClass Name="iPad_Launch2224">
                    <Platform Name="iOSDevice32">
                        <Operation>1</Operation>
                    </Platform>
                    <Platform Name="iOSDevice64">
                        <Operation>1</Operation>
                    </Platform>
                    <Platform Name="iOSSimulator">
                        <Operation>1</Operation>
                    </Platform>
                </DeployClass>
                <DeployClass Name="iPad_Launch2388x1668">
                    <Platform Name="iOSDevice32">
                        <Operation>1</Operation>
                    </Platform>
                    <Platform Name="iOSDevice64">
                        <Operation>1</Operation>
                    </Platform>
                    <Platform Name="iOSSimulator">
                        <Operation>1</Operation>
                    </Platform>
                </DeployClass>
                <DeployClass Name="iPad_Launch2732x2048">
                    <Platform Name="iOSDevice32">
                        <Operation>1</Operation>
                    </Platform>
                    <Platform Name="iOSDevice64">
                        <Operation>1</Operation>
                    </Platform>
                    <Platform Name="iOSSimulator">
                        <Operation>1</Operation>
                    </Platform>
                </DeployClass>
                <DeployClass Name="iPad_Launch768">
                    <Platform Name="iOSDevice32">
                        <Operation>1</Operation>
                    </Platform>
                    <Platform Name="iOSDevice64">
                        <Operation>1</Operation>
                    </Platform>
                    <Platform Name="iOSSimulator">
                        <Operation>1</Operation>
                    </Platform>
                </DeployClass>
                <DeployClass Name="iPad_Launch768x1024">
                    <Platform Name="iOSDevice32">
                        <Operation>1</Operation>
                    </Platform>
                    <Platform Name="iOSDevice64">
                        <Operation>1</Operation>
                    </Platform>
                    <Platform Name="iOSSimulator">
                        <Operation>1</Operation>
                    </Platform>
                </DeployClass>
                <DeployClass Name="iPhone_Launch1125">
                    <Platform Name="iOSDevice32">
                        <Operation>1</Operation>
                    </Platform>
                    <Platform Name="iOSDevice64">
                        <Operation>1</Operation>
                    </Platform>
                    <Platform Name="iOSSimulator">
                        <Operation>1</Operation>
                    </Platform>
                </DeployClass>
                <DeployClass Name="iPhone_Launch1136x640">
                    <Platform Name="iOSDevice32">
                        <Operation>1</Operation>
                    </Platform>
                    <Platform Name="iOSDevice64">
                        <Operation>1</Operation>
                    </Platform>
                    <Platform Name="iOSSimulator">
                        <Operation>1</Operation>
                    </Platform>
                </DeployClass>
                <DeployClass Name="iPhone_Launch1242">
                    <Platform Name="iOSDevice32">
                        <Operation>1</Operation>
                    </Platform>
                    <Platform Name="iOSDevice64">
                        <Operation>1</Operation>
                    </Platform>
                    <Platform Name="iOSSimulator">
                        <Operation>1</Operation>
                    </Platform>
                </DeployClass>
                <DeployClass Name="iPhone_Launch1242x2688">
                    <Platform Name="iOSDevice32">
                        <Operation>1</Operation>
                    </Platform>
                    <Platform Name="iOSDevice64">
                        <Operation>1</Operation>
                    </Platform>
                    <Platform Name="iOSSimulator">
                        <Operation>1</Operation>
                    </Platform>
                </DeployClass>
                <DeployClass Name="iPhone_Launch1334">
                    <Platform Name="iOSDevice32">
                        <Operation>1</Operation>
                    </Platform>
                    <Platform Name="iOSDevice64">
                        <Operation>1</Operation>
                    </Platform>
                    <Platform Name="iOSSimulator">
                        <Operation>1</Operation>
                    </Platform>
                </DeployClass>
                <DeployClass Name="iPhone_Launch1792">
                    <Platform Name="iOSDevice32">
                        <Operation>1</Operation>
                    </Platform>
                    <Platform Name="iOSDevice64">
                        <Operation>1</Operation>
                    </Platform>
                    <Platform Name="iOSSimulator">
                        <Operation>1</Operation>
                    </Platform>
                </DeployClass>
                <DeployClass Name="iPhone_Launch2208">
                    <Platform Name="iOSDevice32">
                        <Operation>1</Operation>
                    </Platform>
                    <Platform Name="iOSDevice64">
                        <Operation>1</Operation>
                    </Platform>
                    <Platform Name="iOSSimulator">
                        <Operation>1</Operation>
                    </Platform>
                </DeployClass>
                <DeployClass Name="iPhone_Launch2436">
                    <Platform Name="iOSDevice32">
                        <Operation>1</Operation>
                    </Platform>
                    <Platform Name="iOSDevice64">
                        <Operation>1</Operation>
                    </Platform>
                    <Platform Name="iOSSimulator">
                        <Operation>1</Operation>
                    </Platform>
                </DeployClass>
                <DeployClass Name="iPhone_Launch2688x1242">
                    <Platform Name="iOSDevice32">
                        <Operation>1</Operation>
                    </Platform>
                    <Platform Name="iOSDevice64">
                        <Operation>1</Operation>
                    </Platform>
                    <Platform Name="iOSSimulator">
                        <Operation>1</Operation>
                    </Platform>
                </DeployClass>
                <DeployClass Name="iPhone_Launch320">
                    <Platform Name="iOSDevice32">
                        <Operation>1</Operation>
                    </Platform>
                    <Platform Name="iOSDevice64">
                        <Operation>1</Operation>
                    </Platform>
                    <Platform Name="iOSSimulator">
                        <Operation>1</Operation>
                    </Platform>
                </DeployClass>
                <DeployClass Name="iPhone_Launch640">
                    <Platform Name="iOSDevice32">
                        <Operation>1</Operation>
                    </Platform>
                    <Platform Name="iOSDevice64">
                        <Operation>1</Operation>
                    </Platform>
                    <Platform Name="iOSSimulator">
                        <Operation>1</Operation>
                    </Platform>
                </DeployClass>
                <DeployClass Name="iPhone_Launch640x1136">
                    <Platform Name="iOSDevice32">
                        <Operation>1</Operation>
                    </Platform>
                    <Platform Name="iOSDevice64">
                        <Operation>1</Operation>
                    </Platform>
                    <Platform Name="iOSSimulator">
                        <Operation>1</Operation>
                    </Platform>
                </DeployClass>
                <DeployClass Name="iPhone_Launch750">
                    <Platform Name="iOSDevice32">
                        <Operation>1</Operation>
                    </Platform>
                    <Platform Name="iOSDevice64">
                        <Operation>1</Operation>
                    </Platform>
                    <Platform Name="iOSSimulator">
                        <Operation>1</Operation>
                    </Platform>
                </DeployClass>
                <DeployClass Name="iPhone_Launch828">
                    <Platform Name="iOSDevice32">
                        <Operation>1</Operation>
                    </Platform>
                    <Platform Name="iOSDevice64">
                        <Operation>1</Operation>
                    </Platform>
                    <Platform Name="iOSSimulator">
                        <Operation>1</Operation>
                    </Platform>
                </DeployClass>
                <DeployClass Name="ProjectAndroidManifest">
                    <Platform Name="Android">
                        <Operation>1</Operation>
                    </Platform>
                </DeployClass>
                <DeployClass Name="ProjectiOSDeviceDebug">
                    <Platform Name="iOSDevice32">
                        <RemoteDir>..\$(PROJECTNAME).app.dSYM\Contents\Resources\DWARF</RemoteDir>
                        <Operation>1</Operation>
                    </Platform>
                    <Platform Name="iOSDevice64">
                        <RemoteDir>..\$(PROJECTNAME).app.dSYM\Contents\Resources\DWARF</RemoteDir>
                        <Operation>1</Operation>
                    </Platform>
                </DeployClass>
                <DeployClass Name="ProjectiOSDeviceResourceRules">
                    <Platform Name="iOSDevice32">
                        <Operation>1</Operation>
                    </Platform>
                    <Platform Name="iOSDevice64">
                        <Operation>1</Operation>
                    </Platform>
                </DeployClass>
                <DeployClass Name="ProjectiOSEntitlements">
                    <Platform Name="iOSDevice32">
                        <RemoteDir>..\</RemoteDir>
                        <Operation>1</Operation>
                    </Platform>
                    <Platform Name="iOSDevice64">
                        <RemoteDir>..\</RemoteDir>
                        <Operation>1</Operation>
                    </Platform>
                </DeployClass>
                <DeployClass Name="ProjectiOSInfoPList">
                    <Platform Name="iOSDevice32">
                        <Operation>1</Operation>
                    </Platform>
                    <Platform Name="iOSDevice64">
                        <Operation>1</Operation>
                    </Platform>
                    <Platform Name="iOSSimulator">
                        <Operation>1</Operation>
                    </Platform>
                </DeployClass>
                <DeployClass Name="ProjectiOSResource">
                    <Platform Name="iOSDevice32">
                        <Operation>1</Operation>
                    </Platform>
                    <Platform Name="iOSDevice64">
                        <Operation>1</Operation>
                    </Platform>
                    <Platform Name="iOSSimulator">
                        <Operation>1</Operation>
                    </Platform>
                </DeployClass>
                <DeployClass Name="ProjectOSXDebug">
                    <Platform Name="OSX64">
                        <RemoteDir>..\$(PROJECTNAME).app.dSYM\Contents\Resources\DWARF</RemoteDir>
                        <Operation>1</Operation>
                    </Platform>
                </DeployClass>
                <DeployClass Name="ProjectOSXEntitlements">
                    <Platform Name="OSX32">
                        <RemoteDir>..\</RemoteDir>
                        <Operation>1</Operation>
                    </Platform>
                    <Platform Name="OSX64">
                        <RemoteDir>..\</RemoteDir>
                        <Operation>1</Operation>
                    </Platform>
                </DeployClass>
                <DeployClass Name="ProjectOSXInfoPList">
                    <Platform Name="OSX32">
                        <RemoteDir>Contents</RemoteDir>
                        <Operation>1</Operation>
                    </Platform>
                    <Platform Name="OSX64">
                        <RemoteDir>Contents</RemoteDir>
                        <Operation>1</Operation>
                    </Platform>
                </DeployClass>
                <DeployClass Name="ProjectOSXResource">
                    <Platform Name="OSX32">
                        <RemoteDir>Contents\Resources</RemoteDir>
                        <Operation>1</Operation>
                    </Platform>
                    <Platform Name="OSX64">
                        <RemoteDir>Contents\Resources</RemoteDir>
                        <Operation>1</Operation>
                    </Platform>
                </DeployClass>
                <DeployClass Required="true" Name="ProjectOutput">
                    <Platform Name="Android">
                        <RemoteDir>library\lib\armeabi-v7a</RemoteDir>
                        <Operation>1</Operation>
                    </Platform>
                    <Platform Name="iOSDevice32">
                        <Operation>1</Operation>
                    </Platform>
                    <Platform Name="iOSDevice64">
                        <Operation>1</Operation>
                    </Platform>
                    <Platform Name="iOSSimulator">
                        <Operation>1</Operation>
                    </Platform>
                    <Platform Name="Linux64">
                        <Operation>1</Operation>
                    </Platform>
                    <Platform Name="OSX32">
                        <RemoteDir>Contents\MacOS</RemoteDir>
                        <Operation>1</Operation>
                    </Platform>
                    <Platform Name="OSX64">
                        <RemoteDir>Contents\MacOS</RemoteDir>
                        <Operation>1</Operation>
                    </Platform>
                    <Platform Name="Win32">
                        <Operation>0</Operation>
                    </Platform>
                </DeployClass>
                <DeployClass Name="ProjectOutput_Android32">
                    <Platform Name="Android64">
                        <RemoteDir>library\lib\armeabi-v7a</RemoteDir>
                        <Operation>1</Operation>
                    </Platform>
                </DeployClass>
                <DeployClass Name="ProjectUWPManifest">
                    <Platform Name="Win32">
                        <Operation>1</Operation>
                    </Platform>
                    <Platform Name="Win64">
                        <Operation>1</Operation>
                    </Platform>
                </DeployClass>
                <DeployClass Name="UWP_DelphiLogo150">
                    <Platform Name="Win32">
                        <RemoteDir>Assets</RemoteDir>
                        <Operation>1</Operation>
                    </Platform>
                    <Platform Name="Win64">
                        <RemoteDir>Assets</RemoteDir>
                        <Operation>1</Operation>
                    </Platform>
                </DeployClass>
                <DeployClass Name="UWP_DelphiLogo44">
                    <Platform Name="Win32">
                        <RemoteDir>Assets</RemoteDir>
                        <Operation>1</Operation>
                    </Platform>
                    <Platform Name="Win64">
                        <RemoteDir>Assets</RemoteDir>
                        <Operation>1</Operation>
                    </Platform>
                </DeployClass>
                <ProjectRoot Platform="iOSDevice64" Name="$(PROJECTNAME).app"/>
                <ProjectRoot Platform="Win64" Name="$(PROJECTNAME)"/>
                <ProjectRoot Platform="iOSDevice32" Name="$(PROJECTNAME).app"/>
                <ProjectRoot Platform="Linux64" Name="$(PROJECTNAME)"/>
                <ProjectRoot Platform="Win32" Name="$(PROJECTNAME)"/>
                <ProjectRoot Platform="OSX32" Name="$(PROJECTNAME).app"/>
                <ProjectRoot Platform="Android" Name="$(PROJECTNAME)"/>
                <ProjectRoot Platform="OSX64" Name="$(PROJECTNAME).app"/>
                <ProjectRoot Platform="iOSSimulator" Name="$(PROJECTNAME).app"/>
                <ProjectRoot Platform="Android64" Name="$(PROJECTNAME)"/>
            </Deployment>
        </BorlandProject>
        <ProjectFileVersion>12</ProjectFileVersion>
    </ProjectExtensions>
    <Import Project="$(BDS)\Bin\CodeGear.Delphi.Targets" Condition="Exists('$(BDS)\Bin\CodeGear.Delphi.Targets')"/>
    <Import Project="$(APPDATA)\Embarcadero\$(BDSAPPDATABASEDIR)\$(PRODUCTVERSION)\UserTools.proj" Condition="Exists('$(APPDATA)\Embarcadero\$(BDSAPPDATABASEDIR)\$(PRODUCTVERSION)\UserTools.proj')"/>
    <Import Project="$(MSBuildProjectName).deployproj" Condition="Exists('$(MSBuildProjectName).deployproj')"/>
</Project>
